
Microsoft Visual Studio Solution File, Format Version 12.00
# Visual Studio 14
VisualStudioVersion = 14.0.24720.0
MinimumVisualStudioVersion = 10.0.40219.1
Project("{FAE04EC0-301F-11D3-BF4B-00C04F79EFBC}") = "RedContactos.Droid", "RedContactos\RedContactos.Droid\RedContactos.Droid.csproj", "{EA8A0B53-C2E7-4B82-9967-4E0DF28B82DA}"
EndProject
Project("{FAE04EC0-301F-11D3-BF4B-00C04F79EFBC}") = "RedContactos.iOS", "RedContactos\RedContactos.iOS\RedContactos.iOS.csproj", "{25511D2C-A827-42AD-80E0-15AD3221FBE3}"
EndProject
Project("{FAE04EC0-301F-11D3-BF4B-00C04F79EFBC}") = "RedContactos.WinPhone", "RedContactos\RedContactos.WinPhone\RedContactos.WinPhone.csproj", "{D63A2795-3D4C-4983-85F1-545D1FF47F6A}"
EndProject
Project("{FAE04EC0-301F-11D3-BF4B-00C04F79EFBC}") = "RedContactos", "RedContactos\RedContactos\RedContactos.csproj", "{0913F337-DCCA-46C0-A690-0D85633AA6AD}"
EndProject
Project("{FAE04EC0-301F-11D3-BF4B-00C04F79EFBC}") = "MvvmLibrary", "MvvmLibrary\MvvmLibrary.csproj", "{6A6BDC8A-D636-4969-B325-811B693E1960}"
EndProject
Project("{FAE04EC0-301F-11D3-BF4B-00C04F79EFBC}") = "DataModel", "DataModel\DataModel.csproj", "{448FED32-AC36-4D68-8DBA-DF6916857B0E}"
EndProject
Global
	GlobalSection(SolutionConfigurationPlatforms) = preSolution
		Ad-Hoc|Any CPU = Ad-Hoc|Any CPU
		Ad-Hoc|ARM = Ad-Hoc|ARM
		Ad-Hoc|iPhone = Ad-Hoc|iPhone
		Ad-Hoc|iPhoneSimulator = Ad-Hoc|iPhoneSimulator
		Ad-Hoc|x86 = Ad-Hoc|x86
		AppStore|Any CPU = AppStore|Any CPU
		AppStore|ARM = AppStore|ARM
		AppStore|iPhone = AppStore|iPhone
		AppStore|iPhoneSimulator = AppStore|iPhoneSimulator
		AppStore|x86 = AppStore|x86
		Debug|Any CPU = Debug|Any CPU
		Debug|ARM = Debug|ARM
		Debug|iPhone = Debug|iPhone
		Debug|iPhoneSimulator = Debug|iPhoneSimulator
		Debug|x86 = Debug|x86
		Release|Any CPU = Release|Any CPU
		Release|ARM = Release|ARM
		Release|iPhone = Release|iPhone
		Release|iPhoneSimulator = Release|iPhoneSimulator
		Release|x86 = Release|x86
	EndGlobalSection
	GlobalSection(ProjectConfigurationPlatforms) = postSolution
		{EA8A0B53-C2E7-4B82-9967-4E0DF28B82DA}.Ad-Hoc|Any CPU.ActiveCfg = Release|Any CPU
		{EA8A0B53-C2E7-4B82-9967-4E0DF28B82DA}.Ad-Hoc|Any CPU.Build.0 = Release|Any CPU
		{EA8A0B53-C2E7-4B82-9967-4E0DF28B82DA}.Ad-Hoc|Any CPU.Deploy.0 = Release|Any CPU
		{EA8A0B53-C2E7-4B82-9967-4E0DF28B82DA}.Ad-Hoc|ARM.ActiveCfg = Release|Any CPU
		{EA8A0B53-C2E7-4B82-9967-4E0DF28B82DA}.Ad-Hoc|ARM.Build.0 = Release|Any CPU
		{EA8A0B53-C2E7-4B82-9967-4E0DF28B82DA}.Ad-Hoc|ARM.Deploy.0 = Release|Any CPU
		{EA8A0B53-C2E7-4B82-9967-4E0DF28B82DA}.Ad-Hoc|iPhone.ActiveCfg = Release|Any CPU
		{EA8A0B53-C2E7-4B82-9967-4E0DF28B82DA}.Ad-Hoc|iPhone.Build.0 = Release|Any CPU
		{EA8A0B53-C2E7-4B82-9967-4E0DF28B82DA}.Ad-Hoc|iPhone.Deploy.0 = Release|Any CPU
		{EA8A0B53-C2E7-4B82-9967-4E0DF28B82DA}.Ad-Hoc|iPhoneSimulator.ActiveCfg = Release|Any CPU
		{EA8A0B53-C2E7-4B82-9967-4E0DF28B82DA}.Ad-Hoc|iPhoneSimulator.Build.0 = Release|Any CPU
		{EA8A0B53-C2E7-4B82-9967-4E0DF28B82DA}.Ad-Hoc|iPhoneSimulator.Deploy.0 = Release|Any CPU
		{EA8A0B53-C2E7-4B82-9967-4E0DF28B82DA}.Ad-Hoc|x86.ActiveCfg = Release|Any CPU
		{EA8A0B53-C2E7-4B82-9967-4E0DF28B82DA}.Ad-Hoc|x86.Build.0 = Release|Any CPU
		{EA8A0B53-C2E7-4B82-9967-4E0DF28B82DA}.Ad-Hoc|x86.Deploy.0 = Release|Any CPU
		{EA8A0B53-C2E7-4B82-9967-4E0DF28B82DA}.AppStore|Any CPU.ActiveCfg = Release|Any CPU
		{EA8A0B53-C2E7-4B82-9967-4E0DF28B82DA}.AppStore|Any CPU.Build.0 = Release|Any CPU
		{EA8A0B53-C2E7-4B82-9967-4E0DF28B82DA}.AppStore|Any CPU.Deploy.0 = Release|Any CPU
		{EA8A0B53-C2E7-4B82-9967-4E0DF28B82DA}.AppStore|ARM.ActiveCfg = Release|Any CPU
		{EA8A0B53-C2E7-4B82-9967-4E0DF28B82DA}.AppStore|ARM.Build.0 = Release|Any CPU
		{EA8A0B53-C2E7-4B82-9967-4E0DF28B82DA}.AppStore|ARM.Deploy.0 = Release|Any CPU
		{EA8A0B53-C2E7-4B82-9967-4E0DF28B82DA}.AppStore|iPhone.ActiveCfg = Release|Any CPU
		{EA8A0B53-C2E7-4B82-9967-4E0DF28B82DA}.AppStore|iPhone.Build.0 = Release|Any CPU
		{EA8A0B53-C2E7-4B82-9967-4E0DF28B82DA}.AppStore|iPhone.Deploy.0 = Release|Any CPU
		{EA8A0B53-C2E7-4B82-9967-4E0DF28B82DA}.AppStore|iPhoneSimulator.ActiveCfg = Release|Any CPU
		{EA8A0B53-C2E7-4B82-9967-4E0DF28B82DA}.AppStore|iPhoneSimulator.Build.0 = Release|Any CPU
		{EA8A0B53-C2E7-4B82-9967-4E0DF28B82DA}.AppStore|iPhoneSimulator.Deploy.0 = Release|Any CPU
		{EA8A0B53-C2E7-4B82-9967-4E0DF28B82DA}.AppStore|x86.ActiveCfg = Release|Any CPU
		{EA8A0B53-C2E7-4B82-9967-4E0DF28B82DA}.AppStore|x86.Build.0 = Release|Any CPU
		{EA8A0B53-C2E7-4B82-9967-4E0DF28B82DA}.AppStore|x86.Deploy.0 = Release|Any CPU
		{EA8A0B53-C2E7-4B82-9967-4E0DF28B82DA}.Debug|Any CPU.ActiveCfg = Debug|Any CPU
		{EA8A0B53-C2E7-4B82-9967-4E0DF28B82DA}.Debug|Any CPU.Build.0 = Debug|Any CPU
		{EA8A0B53-C2E7-4B82-9967-4E0DF28B82DA}.Debug|Any CPU.Deploy.0 = Debug|Any CPU
		{EA8A0B53-C2E7-4B82-9967-4E0DF28B82DA}.Debug|ARM.ActiveCfg = Debug|Any CPU
		{EA8A0B53-C2E7-4B82-9967-4E0DF28B82DA}.Debug|ARM.Build.0 = Debug|Any CPU
		{EA8A0B53-C2E7-4B82-9967-4E0DF28B82DA}.Debug|ARM.Deploy.0 = Debug|Any CPU
		{EA8A0B53-C2E7-4B82-9967-4E0DF28B82DA}.Debug|iPhone.ActiveCfg = Debug|Any CPU
		{EA8A0B53-C2E7-4B82-9967-4E0DF28B82DA}.Debug|iPhone.Build.0 = Debug|Any CPU
		{EA8A0B53-C2E7-4B82-9967-4E0DF28B82DA}.Debug|iPhone.Deploy.0 = Debug|Any CPU
		{EA8A0B53-C2E7-4B82-9967-4E0DF28B82DA}.Debug|iPhoneSimulator.ActiveCfg = Debug|Any CPU
		{EA8A0B53-C2E7-4B82-9967-4E0DF28B82DA}.Debug|iPhoneSimulator.Build.0 = Debug|Any CPU
		{EA8A0B53-C2E7-4B82-9967-4E0DF28B82DA}.Debug|iPhoneSimulator.Deploy.0 = Debug|Any CPU
		{EA8A0B53-C2E7-4B82-9967-4E0DF28B82DA}.Debug|x86.ActiveCfg = Debug|Any CPU
		{EA8A0B53-C2E7-4B82-9967-4E0DF28B82DA}.Debug|x86.Build.0 = Debug|Any CPU
		{EA8A0B53-C2E7-4B82-9967-4E0DF28B82DA}.Debug|x86.Deploy.0 = Debug|Any CPU
		{EA8A0B53-C2E7-4B82-9967-4E0DF28B82DA}.Release|Any CPU.ActiveCfg = Release|Any CPU
		{EA8A0B53-C2E7-4B82-9967-4E0DF28B82DA}.Release|Any CPU.Build.0 = Release|Any CPU
		{EA8A0B53-C2E7-4B82-9967-4E0DF28B82DA}.Release|Any CPU.Deploy.0 = Release|Any CPU
		{EA8A0B53-C2E7-4B82-9967-4E0DF28B82DA}.Release|ARM.ActiveCfg = Release|Any CPU
		{EA8A0B53-C2E7-4B82-9967-4E0DF28B82DA}.Release|ARM.Build.0 = Release|Any CPU
		{EA8A0B53-C2E7-4B82-9967-4E0DF28B82DA}.Release|ARM.Deploy.0 = Release|Any CPU
		{EA8A0B53-C2E7-4B82-9967-4E0DF28B82DA}.Release|iPhone.ActiveCfg = Release|Any CPU
		{EA8A0B53-C2E7-4B82-9967-4E0DF28B82DA}.Release|iPhone.Build.0 = Release|Any CPU
		{EA8A0B53-C2E7-4B82-9967-4E0DF28B82DA}.Release|iPhone.Deploy.0 = Release|Any CPU
		{EA8A0B53-C2E7-4B82-9967-4E0DF28B82DA}.Release|iPhoneSimulator.ActiveCfg = Release|Any CPU
		{EA8A0B53-C2E7-4B82-9967-4E0DF28B82DA}.Release|iPhoneSimulator.Build.0 = Release|Any CPU
		{EA8A0B53-C2E7-4B82-9967-4E0DF28B82DA}.Release|iPhoneSimulator.Deploy.0 = Release|Any CPU
		{EA8A0B53-C2E7-4B82-9967-4E0DF28B82DA}.Release|x86.ActiveCfg = Release|Any CPU
		{EA8A0B53-C2E7-4B82-9967-4E0DF28B82DA}.Release|x86.Build.0 = Release|Any CPU
		{EA8A0B53-C2E7-4B82-9967-4E0DF28B82DA}.Release|x86.Deploy.0 = Release|Any CPU
		{25511D2C-A827-42AD-80E0-15AD3221FBE3}.Ad-Hoc|Any CPU.ActiveCfg = Ad-Hoc|iPhone
		{25511D2C-A827-42AD-80E0-15AD3221FBE3}.Ad-Hoc|ARM.ActiveCfg = Ad-Hoc|iPhone
		{25511D2C-A827-42AD-80E0-15AD3221FBE3}.Ad-Hoc|iPhone.ActiveCfg = Ad-Hoc|iPhone
		{25511D2C-A827-42AD-80E0-15AD3221FBE3}.Ad-Hoc|iPhone.Build.0 = Ad-Hoc|iPhone
		{25511D2C-A827-42AD-80E0-15AD3221FBE3}.Ad-Hoc|iPhoneSimulator.ActiveCfg = Ad-Hoc|iPhoneSimulator
		{25511D2C-A827-42AD-80E0-15AD3221FBE3}.Ad-Hoc|iPhoneSimulator.Build.0 = Ad-Hoc|iPhoneSimulator
		{25511D2C-A827-42AD-80E0-15AD3221FBE3}.Ad-Hoc|x86.ActiveCfg = Ad-Hoc|iPhone
		{25511D2C-A827-42AD-80E0-15AD3221FBE3}.AppStore|Any CPU.ActiveCfg = AppStore|iPhone
		{25511D2C-A827-42AD-80E0-15AD3221FBE3}.AppStore|ARM.ActiveCfg = AppStore|iPhone
		{25511D2C-A827-42AD-80E0-15AD3221FBE3}.AppStore|iPhone.ActiveCfg = AppStore|iPhone
		{25511D2C-A827-42AD-80E0-15AD3221FBE3}.AppStore|iPhone.Build.0 = AppStore|iPhone
		{25511D2C-A827-42AD-80E0-15AD3221FBE3}.AppStore|iPhoneSimulator.ActiveCfg = AppStore|iPhoneSimulator
		{25511D2C-A827-42AD-80E0-15AD3221FBE3}.AppStore|iPhoneSimulator.Build.0 = AppStore|iPhoneSimulator
		{25511D2C-A827-42AD-80E0-15AD3221FBE3}.AppStore|x86.ActiveCfg = AppStore|iPhone
		{25511D2C-A827-42AD-80E0-15AD3221FBE3}.Debug|Any CPU.ActiveCfg = Debug|iPhone
		{25511D2C-A827-42AD-80E0-15AD3221FBE3}.Debug|ARM.ActiveCfg = Debug|iPhone
		{25511D2C-A827-42AD-80E0-15AD3221FBE3}.Debug|iPhone.ActiveCfg = Debug|iPhone
		{25511D2C-A827-42AD-80E0-15AD3221FBE3}.Debug|iPhone.Build.0 = Debug|iPhone
		{25511D2C-A827-42AD-80E0-15AD3221FBE3}.Debug|iPhoneSimulator.ActiveCfg = Debug|iPhoneSimulator
		{25511D2C-A827-42AD-80E0-15AD3221FBE3}.Debug|iPhoneSimulator.Build.0 = Debug|iPhoneSimulator
		{25511D2C-A827-42AD-80E0-15AD3221FBE3}.Debug|x86.ActiveCfg = Debug|iPhone
		{25511D2C-A827-42AD-80E0-15AD3221FBE3}.Release|Any CPU.ActiveCfg = Release|iPhone
		{25511D2C-A827-42AD-80E0-15AD3221FBE3}.Release|ARM.ActiveCfg = Release|iPhone
		{25511D2C-A827-42AD-80E0-15AD3221FBE3}.Release|iPhone.ActiveCfg = Release|iPhone
		{25511D2C-A827-42AD-80E0-15AD3221FBE3}.Release|iPhone.Build.0 = Release|iPhone
		{25511D2C-A827-42AD-80E0-15AD3221FBE3}.Release|iPhoneSimulator.ActiveCfg = Release|iPhoneSimulator
		{25511D2C-A827-42AD-80E0-15AD3221FBE3}.Release|iPhoneSimulator.Build.0 = Release|iPhoneSimulator
		{25511D2C-A827-42AD-80E0-15AD3221FBE3}.Release|x86.ActiveCfg = Release|iPhone
		{D63A2795-3D4C-4983-85F1-545D1FF47F6A}.Ad-Hoc|Any CPU.ActiveCfg = Release|Any CPU
		{D63A2795-3D4C-4983-85F1-545D1FF47F6A}.Ad-Hoc|Any CPU.Build.0 = Release|Any CPU
		{D63A2795-3D4C-4983-85F1-545D1FF47F6A}.Ad-Hoc|Any CPU.Deploy.0 = Release|Any CPU
		{D63A2795-3D4C-4983-85F1-545D1FF47F6A}.Ad-Hoc|ARM.ActiveCfg = Release|ARM
		{D63A2795-3D4C-4983-85F1-545D1FF47F6A}.Ad-Hoc|ARM.Build.0 = Release|ARM
		{D63A2795-3D4C-4983-85F1-545D1FF47F6A}.Ad-Hoc|ARM.Deploy.0 = Release|ARM
		{D63A2795-3D4C-4983-85F1-545D1FF47F6A}.Ad-Hoc|iPhone.ActiveCfg = Release|Any CPU
		{D63A2795-3D4C-4983-85F1-545D1FF47F6A}.Ad-Hoc|iPhone.Build.0 = Release|Any CPU
		{D63A2795-3D4C-4983-85F1-545D1FF47F6A}.Ad-Hoc|iPhone.Deploy.0 = Release|Any CPU
		{D63A2795-3D4C-4983-85F1-545D1FF47F6A}.Ad-Hoc|iPhoneSimulator.ActiveCfg = Release|Any CPU
		{D63A2795-3D4C-4983-85F1-545D1FF47F6A}.Ad-Hoc|iPhoneSimulator.Build.0 = Release|Any CPU
		{D63A2795-3D4C-4983-85F1-545D1FF47F6A}.Ad-Hoc|iPhoneSimulator.Deploy.0 = Release|Any CPU
		{D63A2795-3D4C-4983-85F1-545D1FF47F6A}.Ad-Hoc|x86.ActiveCfg = Release|x86
		{D63A2795-3D4C-4983-85F1-545D1FF47F6A}.Ad-Hoc|x86.Build.0 = Release|x86
		{D63A2795-3D4C-4983-85F1-545D1FF47F6A}.Ad-Hoc|x86.Deploy.0 = Release|x86
		{D63A2795-3D4C-4983-85F1-545D1FF47F6A}.AppStore|Any CPU.ActiveCfg = Release|Any CPU
		{D63A2795-3D4C-4983-85F1-545D1FF47F6A}.AppStore|Any CPU.Build.0 = Release|Any CPU
		{D63A2795-3D4C-4983-85F1-545D1FF47F6A}.AppStore|Any CPU.Deploy.0 = Release|Any CPU
		{D63A2795-3D4C-4983-85F1-545D1FF47F6A}.AppStore|ARM.ActiveCfg = Release|ARM
		{D63A2795-3D4C-4983-85F1-545D1FF47F6A}.AppStore|ARM.Build.0 = Release|ARM
		{D63A2795-3D4C-4983-85F1-545D1FF47F6A}.AppStore|ARM.Deploy.0 = Release|ARM
		{D63A2795-3D4C-4983-85F1-545D1FF47F6A}.AppStore|iPhone.ActiveCfg = Release|Any CPU
		{D63A2795-3D4C-4983-85F1-545D1FF47F6A}.AppStore|iPhone.Build.0 = Release|Any CPU
		{D63A2795-3D4C-4983-85F1-545D1FF47F6A}.AppStore|iPhone.Deploy.0 = Release|Any CPU
		{D63A2795-3D4C-4983-85F1-545D1FF47F6A}.AppStore|iPhoneSimulator.ActiveCfg = Release|Any CPU
		{D63A2795-3D4C-4983-85F1-545D1FF47F6A}.AppStore|iPhoneSimulator.Build.0 = Release|Any CPU
		{D63A2795-3D4C-4983-85F1-545D1FF47F6A}.AppStore|iPhoneSimulator.Deploy.0 = Release|Any CPU
		{D63A2795-3D4C-4983-85F1-545D1FF47F6A}.AppStore|x86.ActiveCfg = Release|x86
		{D63A2795-3D4C-4983-85F1-545D1FF47F6A}.AppStore|x86.Build.0 = Release|x86
		{D63A2795-3D4C-4983-85F1-545D1FF47F6A}.AppStore|x86.Deploy.0 = Release|x86
		{D63A2795-3D4C-4983-85F1-545D1FF47F6A}.Debug|Any CPU.ActiveCfg = Debug|Any CPU
		{D63A2795-3D4C-4983-85F1-545D1FF47F6A}.Debug|Any CPU.Build.0 = Debug|Any CPU
		{D63A2795-3D4C-4983-85F1-545D1FF47F6A}.Debug|Any CPU.Deploy.0 = Debug|Any CPU
		{D63A2795-3D4C-4983-85F1-545D1FF47F6A}.Debug|ARM.ActiveCfg = Debug|ARM
		{D63A2795-3D4C-4983-85F1-545D1FF47F6A}.Debug|ARM.Build.0 = Debug|ARM
		{D63A2795-3D4C-4983-85F1-545D1FF47F6A}.Debug|ARM.Deploy.0 = Debug|ARM
		{D63A2795-3D4C-4983-85F1-545D1FF47F6A}.Debug|iPhone.ActiveCfg = Debug|Any CPU
		{D63A2795-3D4C-4983-85F1-545D1FF47F6A}.Debug|iPhone.Build.0 = Debug|Any CPU
		{D63A2795-3D4C-4983-85F1-545D1FF47F6A}.Debug|iPhone.Deploy.0 = Debug|Any CPU
		{D63A2795-3D4C-4983-85F1-545D1FF47F6A}.Debug|iPhoneSimulator.ActiveCfg = Debug|Any CPU
		{D63A2795-3D4C-4983-85F1-545D1FF47F6A}.Debug|iPhoneSimulator.Build.0 = Debug|Any CPU
		{D63A2795-3D4C-4983-85F1-545D1FF47F6A}.Debug|iPhoneSimulator.Deploy.0 = Debug|Any CPU
		{D63A2795-3D4C-4983-85F1-545D1FF47F6A}.Debug|x86.ActiveCfg = Debug|x86
		{D63A2795-3D4C-4983-85F1-545D1FF47F6A}.Debug|x86.Build.0 = Debug|x86
		{D63A2795-3D4C-4983-85F1-545D1FF47F6A}.Debug|x86.Deploy.0 = Debug|x86
		{D63A2795-3D4C-4983-85F1-545D1FF47F6A}.Release|Any CPU.ActiveCfg = Release|Any CPU
		{D63A2795-3D4C-4983-85F1-545D1FF47F6A}.Release|Any CPU.Build.0 = Release|Any CPU
		{D63A2795-3D4C-4983-85F1-545D1FF47F6A}.Release|Any CPU.Deploy.0 = Release|Any CPU
		{D63A2795-3D4C-4983-85F1-545D1FF47F6A}.Release|ARM.ActiveCfg = Release|ARM
		{D63A2795-3D4C-4983-85F1-545D1FF47F6A}.Release|ARM.Build.0 = Release|ARM
		{D63A2795-3D4C-4983-85F1-545D1FF47F6A}.Release|ARM.Deploy.0 = Release|ARM
		{D63A2795-3D4C-4983-85F1-545D1FF47F6A}.Release|iPhone.ActiveCfg = Release|Any CPU
		{D63A2795-3D4C-4983-85F1-545D1FF47F6A}.Release|iPhone.Build.0 = Release|Any CPU
		{D63A2795-3D4C-4983-85F1-545D1FF47F6A}.Release|iPhone.Deploy.0 = Release|Any CPU
		{D63A2795-3D4C-4983-85F1-545D1FF47F6A}.Release|iPhoneSimulator.ActiveCfg = Release|Any CPU
		{D63A2795-3D4C-4983-85F1-545D1FF47F6A}.Release|iPhoneSimulator.Build.0 = Release|Any CPU
		{D63A2795-3D4C-4983-85F1-545D1FF47F6A}.Release|iPhoneSimulator.Deploy.0 = Release|Any CPU
		{D63A2795-3D4C-4983-85F1-545D1FF47F6A}.Release|x86.ActiveCfg = Release|x86
		{D63A2795-3D4C-4983-85F1-545D1FF47F6A}.Release|x86.Build.0 = Release|x86
		{D63A2795-3D4C-4983-85F1-545D1FF47F6A}.Release|x86.Deploy.0 = Release|x86
		{0913F337-DCCA-46C0-A690-0D85633AA6AD}.Ad-Hoc|Any CPU.ActiveCfg = Release|Any CPU
		{0913F337-DCCA-46C0-A690-0D85633AA6AD}.Ad-Hoc|Any CPU.Build.0 = Release|Any CPU
		{0913F337-DCCA-46C0-A690-0D85633AA6AD}.Ad-Hoc|ARM.ActiveCfg = Release|Any CPU
		{0913F337-DCCA-46C0-A690-0D85633AA6AD}.Ad-Hoc|ARM.Build.0 = Release|Any CPU
		{0913F337-DCCA-46C0-A690-0D85633AA6AD}.Ad-Hoc|iPhone.ActiveCfg = Release|Any CPU
		{0913F337-DCCA-46C0-A690-0D85633AA6AD}.Ad-Hoc|iPhone.Build.0 = Release|Any CPU
		{0913F337-DCCA-46C0-A690-0D85633AA6AD}.Ad-Hoc|iPhoneSimulator.ActiveCfg = Release|Any CPU
		{0913F337-DCCA-46C0-A690-0D85633AA6AD}.Ad-Hoc|iPhoneSimulator.Build.0 = Release|Any CPU
		{0913F337-DCCA-46C0-A690-0D85633AA6AD}.Ad-Hoc|x86.ActiveCfg = Release|Any CPU
		{0913F337-DCCA-46C0-A690-0D85633AA6AD}.Ad-Hoc|x86.Build.0 = Release|Any CPU
		{0913F337-DCCA-46C0-A690-0D85633AA6AD}.AppStore|Any CPU.ActiveCfg = Release|Any CPU
		{0913F337-DCCA-46C0-A690-0D85633AA6AD}.AppStore|Any CPU.Build.0 = Release|Any CPU
		{0913F337-DCCA-46C0-A690-0D85633AA6AD}.AppStore|ARM.ActiveCfg = Release|Any CPU
		{0913F337-DCCA-46C0-A690-0D85633AA6AD}.AppStore|ARM.Build.0 = Release|Any CPU
		{0913F337-DCCA-46C0-A690-0D85633AA6AD}.AppStore|iPhone.ActiveCfg = Release|Any CPU
		{0913F337-DCCA-46C0-A690-0D85633AA6AD}.AppStore|iPhone.Build.0 = Release|Any CPU
		{0913F337-DCCA-46C0-A690-0D85633AA6AD}.AppStore|iPhoneSimulator.ActiveCfg = Release|Any CPU
		{0913F337-DCCA-46C0-A690-0D85633AA6AD}.AppStore|iPhoneSimulator.Build.0 = Release|Any CPU
		{0913F337-DCCA-46C0-A690-0D85633AA6AD}.AppStore|x86.ActiveCfg = Release|Any CPU
		{0913F337-DCCA-46C0-A690-0D85633AA6AD}.AppStore|x86.Build.0 = Release|Any CPU
		{0913F337-DCCA-46C0-A690-0D85633AA6AD}.Debug|Any CPU.ActiveCfg = Debug|Any CPU
		{0913F337-DCCA-46C0-A690-0D85633AA6AD}.Debug|Any CPU.Build.0 = Debug|Any CPU
		{0913F337-DCCA-46C0-A690-0D85633AA6AD}.Debug|ARM.ActiveCfg = Debug|Any CPU
		{0913F337-DCCA-46C0-A690-0D85633AA6AD}.Debug|ARM.Build.0 = Debug|Any CPU
		{0913F337-DCCA-46C0-A690-0D85633AA6AD}.Debug|iPhone.ActiveCfg = Debug|Any CPU
		{0913F337-DCCA-46C0-A690-0D85633AA6AD}.Debug|iPhone.Build.0 = Debug|Any CPU
		{0913F337-DCCA-46C0-A690-0D85633AA6AD}.Debug|iPhoneSimulator.ActiveCfg = Debug|Any CPU
		{0913F337-DCCA-46C0-A690-0D85633AA6AD}.Debug|iPhoneSimulator.Build.0 = Debug|Any CPU
		{0913F337-DCCA-46C0-A690-0D85633AA6AD}.Debug|x86.ActiveCfg = Debug|Any CPU
		{0913F337-DCCA-46C0-A690-0D85633AA6AD}.Debug|x86.Build.0 = Debug|Any CPU
		{0913F337-DCCA-46C0-A690-0D85633AA6AD}.Release|Any CPU.ActiveCfg = Release|Any CPU
		{0913F337-DCCA-46C0-A690-0D85633AA6AD}.Release|Any CPU.Build.0 = Release|Any CPU
		{0913F337-DCCA-46C0-A690-0D85633AA6AD}.Release|ARM.ActiveCfg = Release|Any CPU
		{0913F337-DCCA-46C0-A690-0D85633AA6AD}.Release|ARM.Build.0 = Release|Any CPU
		{0913F337-DCCA-46C0-A690-0D85633AA6AD}.Release|iPhone.ActiveCfg = Release|Any CPU
		{0913F337-DCCA-46C0-A690-0D85633AA6AD}.Release|iPhone.Build.0 = Release|Any CPU
		{0913F337-DCCA-46C0-A690-0D85633AA6AD}.Release|iPhoneSimulator.ActiveCfg = Release|Any CPU
		{0913F337-DCCA-46C0-A690-0D85633AA6AD}.Release|iPhoneSimulator.Build.0 = Release|Any CPU
		{0913F337-DCCA-46C0-A690-0D85633AA6AD}.Release|x86.ActiveCfg = Release|Any CPU
		{0913F337-DCCA-46C0-A690-0D85633AA6AD}.Release|x86.Build.0 = Release|Any CPU
		{6A6BDC8A-D636-4969-B325-811B693E1960}.Ad-Hoc|Any CPU.ActiveCfg = Release|Any CPU
		{6A6BDC8A-D636-4969-B325-811B693E1960}.Ad-Hoc|Any CPU.Build.0 = Release|Any CPU
		{6A6BDC8A-D636-4969-B325-811B693E1960}.Ad-Hoc|ARM.ActiveCfg = Release|Any CPU
		{6A6BDC8A-D636-4969-B325-811B693E1960}.Ad-Hoc|ARM.Build.0 = Release|Any CPU
		{6A6BDC8A-D636-4969-B325-811B693E1960}.Ad-Hoc|iPhone.ActiveCfg = Release|Any CPU
		{6A6BDC8A-D636-4969-B325-811B693E1960}.Ad-Hoc|iPhone.Build.0 = Release|Any CPU
		{6A6BDC8A-D636-4969-B325-811B693E1960}.Ad-Hoc|iPhoneSimulator.ActiveCfg = Release|Any CPU
		{6A6BDC8A-D636-4969-B325-811B693E1960}.Ad-Hoc|iPhoneSimulator.Build.0 = Release|Any CPU
		{6A6BDC8A-D636-4969-B325-811B693E1960}.Ad-Hoc|x86.ActiveCfg = Release|Any CPU
		{6A6BDC8A-D636-4969-B325-811B693E1960}.Ad-Hoc|x86.Build.0 = Release|Any CPU
		{6A6BDC8A-D636-4969-B325-811B693E1960}.AppStore|Any CPU.ActiveCfg = Release|Any CPU
		{6A6BDC8A-D636-4969-B325-811B693E1960}.AppStore|Any CPU.Build.0 = Release|Any CPU
		{6A6BDC8A-D636-4969-B325-811B693E1960}.AppStore|ARM.ActiveCfg = Release|Any CPU
		{6A6BDC8A-D636-4969-B325-811B693E1960}.AppStore|ARM.Build.0 = Release|Any CPU
		{6A6BDC8A-D636-4969-B325-811B693E1960}.AppStore|iPhone.ActiveCfg = Release|Any CPU
		{6A6BDC8A-D636-4969-B325-811B693E1960}.AppStore|iPhone.Build.0 = Release|Any CPU
		{6A6BDC8A-D636-4969-B325-811B693E1960}.AppStore|iPhoneSimulator.ActiveCfg = Release|Any CPU
		{6A6BDC8A-D636-4969-B325-811B693E1960}.AppStore|iPhoneSimulator.Build.0 = Release|Any CPU
		{6A6BDC8A-D636-4969-B325-811B693E1960}.AppStore|x86.ActiveCfg = Release|Any CPU
		{6A6BDC8A-D636-4969-B325-811B693E1960}.AppStore|x86.Build.0 = Release|Any CPU
		{6A6BDC8A-D636-4969-B325-811B693E1960}.Debug|Any CPU.ActiveCfg = Debug|Any CPU
		{6A6BDC8A-D636-4969-B325-811B693E1960}.Debug|Any CPU.Build.0 = Debug|Any CPU
		{6A6BDC8A-D636-4969-B325-811B693E1960}.Debug|ARM.ActiveCfg = Debug|Any CPU
		{6A6BDC8A-D636-4969-B325-811B693E1960}.Debug|ARM.Build.0 = Debug|Any CPU
		{6A6BDC8A-D636-4969-B325-811B693E1960}.Debug|iPhone.ActiveCfg = Debug|Any CPU
		{6A6BDC8A-D636-4969-B325-811B693E1960}.Debug|iPhone.Build.0 = Debug|Any CPU
		{6A6BDC8A-D636-4969-B325-811B693E1960}.Debug|iPhoneSimulator.ActiveCfg = Debug|Any CPU
		{6A6BDC8A-D636-4969-B325-811B693E1960}.Debug|iPhoneSimulator.Build.0 = Debug|Any CPU
		{6A6BDC8A-D636-4969-B325-811B693E1960}.Debug|x86.ActiveCfg = Debug|Any CPU
		{6A6BDC8A-D636-4969-B325-811B693E1960}.Debug|x86.Build.0 = Debug|Any CPU
		{6A6BDC8A-D636-4969-B325-811B693E1960}.Release|Any CPU.ActiveCfg = Release|Any CPU
		{6A6BDC8A-D636-4969-B325-811B693E1960}.Release|Any CPU.Build.0 = Release|Any CPU
		{6A6BDC8A-D636-4969-B325-811B693E1960}.Release|ARM.ActiveCfg = Release|Any CPU
		{6A6BDC8A-D636-4969-B325-811B693E1960}.Release|ARM.Build.0 = Release|Any CPU
		{6A6BDC8A-D636-4969-B325-811B693E1960}.Release|iPhone.ActiveCfg = Release|Any CPU
		{6A6BDC8A-D636-4969-B325-811B693E1960}.Release|iPhone.Build.0 = Release|Any CPU
		{6A6BDC8A-D636-4969-B325-811B693E1960}.Release|iPhoneSimulator.ActiveCfg = Release|Any CPU
		{6A6BDC8A-D636-4969-B325-811B693E1960}.Release|iPhoneSimulator.Build.0 = Release|Any CPU
		{6A6BDC8A-D636-4969-B325-811B693E1960}.Release|x86.ActiveCfg = Release|Any CPU
		{6A6BDC8A-D636-4969-B325-811B693E1960}.Release|x86.Build.0 = Release|Any CPU
		{448FED32-AC36-4D68-8DBA-DF6916857B0E}.Ad-Hoc|Any CPU.ActiveCfg = Release|Any CPU
		{448FED32-AC36-4D68-8DBA-DF6916857B0E}.Ad-Hoc|Any CPU.Build.0 = Release|Any CPU
		{448FED32-AC36-4D68-8DBA-DF6916857B0E}.Ad-Hoc|ARM.ActiveCfg = Release|Any CPU
		{448FED32-AC36-4D68-8DBA-DF6916857B0E}.Ad-Hoc|ARM.Build.0 = Release|Any CPU
		{448FED32-AC36-4D68-8DBA-DF6916857B0E}.Ad-Hoc|iPhone.ActiveCfg = Release|Any CPU
		{448FED32-AC36-4D68-8DBA-DF6916857B0E}.Ad-Hoc|iPhone.Build.0 = Release|Any CPU
		{448FED32-AC36-4D68-8DBA-DF6916857B0E}.Ad-Hoc|iPhoneSimulator.ActiveCfg = Release|Any CPU
		{448FED32-AC36-4D68-8DBA-DF6916857B0E}.Ad-Hoc|iPhoneSimulator.Build.0 = Release|Any CPU
		{448FED32-AC36-4D68-8DBA-DF6916857B0E}.Ad-Hoc|x86.ActiveCfg = Release|Any CPU
		{448FED32-AC36-4D68-8DBA-DF6916857B0E}.Ad-Hoc|x86.Build.0 = Release|Any CPU
		{448FED32-AC36-4D68-8DBA-DF6916857B0E}.AppStore|Any CPU.ActiveCfg = Release|Any CPU
		{448FED32-AC36-4D68-8DBA-DF6916857B0E}.AppStore|Any CPU.Build.0 = Release|Any CPU
		{448FED32-AC36-4D68-8DBA-DF6916857B0E}.AppStore|ARM.ActiveCfg = Release|Any CPU
		{448FED32-AC36-4D68-8DBA-DF6916857B0E}.AppStore|ARM.Build.0 = Release|Any CPU
		{448FED32-AC36-4D68-8DBA-DF6916857B0E}.AppStore|iPhone.ActiveCfg = Release|Any CPU
		{448FED32-AC36-4D68-8DBA-DF6916857B0E}.AppStore|iPhone.Build.0 = Release|Any CPU
		{448FED32-AC36-4D68-8DBA-DF6916857B0E}.AppStore|iPhoneSimulator.ActiveCfg = Release|Any CPU
		{448FED32-AC36-4D68-8DBA-DF6916857B0E}.AppStore|iPhoneSimulator.Build.0 = Release|Any CPU
		{448FED32-AC36-4D68-8DBA-DF6916857B0E}.AppStore|x86.ActiveCfg = Release|Any CPU
		{448FED32-AC36-4D68-8DBA-DF6916857B0E}.AppStore|x86.Build.0 = Release|Any CPU
		{448FED32-AC36-4D68-8DBA-DF6916857B0E}.Debug|Any CPU.ActiveCfg = Debug|Any CPU
		{448FED32-AC36-4D68-8DBA-DF6916857B0E}.Debug|Any CPU.Build.0 = Debug|Any CPU
		{448FED32-AC36-4D68-8DBA-DF6916857B0E}.Debug|ARM.ActiveCfg = Debug|Any CPU
		{448FED32-AC36-4D68-8DBA-DF6916857B0E}.Debug|ARM.Build.0 = Debug|Any CPU
		{448FED32-AC36-4D68-8DBA-DF6916857B0E}.Debug|iPhone.ActiveCfg = Debug|Any CPU
		{448FED32-AC36-4D68-8DBA-DF6916857B0E}.Debug|iPhone.Build.0 = Debug|Any CPU
		{448FED32-AC36-4D68-8DBA-DF6916857B0E}.Debug|iPhoneSimulator.ActiveCfg = Debug|Any CPU
		{448FED32-AC36-4D68-8DBA-DF6916857B0E}.Debug|iPhoneSimulator.Build.0 = Debug|Any CPU
		{448FED32-AC36-4D68-8DBA-DF6916857B0E}.Debug|x86.ActiveCfg = Debug|Any CPU
		{448FED32-AC36-4D68-8DBA-DF6916857B0E}.Debug|x86.Build.0 = Debug|Any CPU
		{448FED32-AC36-4D68-8DBA-DF6916857B0E}.Release|Any CPU.ActiveCfg = Release|Any CPU
		{448FED32-AC36-4D68-8DBA-DF6916857B0E}.Release|Any CPU.Build.0 = Release|Any CPU
		{448FED32-AC36-4D68-8DBA-DF6916857B0E}.Release|ARM.ActiveCfg = Release|Any CPU
		{448FED32-AC36-4D68-8DBA-DF6916857B0E}.Release|ARM.Build.0 = Release|Any CPU
		{448FED32-AC36-4D68-8DBA-DF6916857B0E}.Release|iPhone.ActiveCfg = Release|Any CPU
		{448FED32-AC36-4D68-8DBA-DF6916857B0E}.Release|iPhone.Build.0 = Release|Any CPU
		{448FED32-AC36-4D68-8DBA-DF6916857B0E}.Release|iPhoneSimulator.ActiveCfg = Release|Any CPU
		{448FED32-AC36-4D68-8DBA-DF6916857B0E}.Release|iPhoneSimulator.Build.0 = Release|Any CPU
		{448FED32-AC36-4D68-8DBA-DF6916857B0E}.Release|x86.ActiveCfg = Release|Any CPU
		{448FED32-AC36-4D68-8DBA-DF6916857B0E}.Release|x86.Build.0 = Release|Any CPU
	EndGlobalSection
	GlobalSection(SolutionProperties) = preSolution
		HideSolutionNode = FALSE
	EndGlobalSection
EndGlobal
